// !$*UTF8*$!
{
	archiveVersion = 1;
	classes = {
	};
	objectVersion = 48;
	objects = {

/* Begin PBXBuildFile section */
		1B0B48D91F701EA500557075 /* GradientView.swift in Sources */ = {isa = PBXBuildFile; fileRef = 1B0B48D81F701EA500557075 /* GradientView.swift */; };
		1B4C55C01F605278001829F5 /* AppDelegate.swift in Sources */ = {isa = PBXBuildFile; fileRef = 1B4C55BF1F605278001829F5 /* AppDelegate.swift */; };
		1B4C55C51F605278001829F5 /* Main.storyboard in Resources */ = {isa = PBXBuildFile; fileRef = 1B4C55C31F605278001829F5 /* Main.storyboard */; };
		1B4C55C71F605278001829F5 /* Assets.xcassets in Resources */ = {isa = PBXBuildFile; fileRef = 1B4C55C61F605278001829F5 /* Assets.xcassets */; };
		1B4C55CA1F605278001829F5 /* LaunchScreen.storyboard in Resources */ = {isa = PBXBuildFile; fileRef = 1B4C55C81F605278001829F5 /* LaunchScreen.storyboard */; };
		1B5354681F6EAB250019A2A4 /* ChatVC.swift in Sources */ = {isa = PBXBuildFile; fileRef = 1B5354671F6EAB250019A2A4 /* ChatVC.swift */; };
		1B53546A1F6EAB490019A2A4 /* ChannelVC.swift in Sources */ = {isa = PBXBuildFile; fileRef = 1B5354691F6EAB490019A2A4 /* ChannelVC.swift */; };
		1B53546C1F6EB7D00019A2A4 /* SWRevealViewController.m in Sources */ = {isa = PBXBuildFile; fileRef = 1B5354631F6EA7DB0019A2A4 /* SWRevealViewController.m */; };
		D3EF669C5C48606933EE337F /* Pods_Smack.framework in Frameworks */ = {isa = PBXBuildFile; fileRef = D1A2C6F4916CC870D6E5C5E7 /* Pods_Smack.framework */; };
/* End PBXBuildFile section */

/* Begin PBXFileReference section */
		1B0B48D81F701EA500557075 /* GradientView.swift */ = {isa = PBXFileReference; lastKnownFileType = sourcecode.swift; path = GradientView.swift; sourceTree = "<group>"; };
		1B4C55BC1F605278001829F5 /* Smack.app */ = {isa = PBXFileReference; explicitFileType = wrapper.application; includeInIndex = 0; path = Smack.app; sourceTree = BUILT_PRODUCTS_DIR; };
		1B4C55BF1F605278001829F5 /* AppDelegate.swift */ = {isa = PBXFileReference; lastKnownFileType = sourcecode.swift; path = AppDelegate.swift; sourceTree = "<group>"; };
		1B4C55C41F605278001829F5 /* Base */ = {isa = PBXFileReference; lastKnownFileType = file.storyboard; name = Base; path = Base.lproj/Main.storyboard; sourceTree = "<group>"; };
		1B4C55C61F605278001829F5 /* Assets.xcassets */ = {isa = PBXFileReference; lastKnownFileType = folder.assetcatalog; path = Assets.xcassets; sourceTree = "<group>"; };
		1B4C55C91F605278001829F5 /* Base */ = {isa = PBXFileReference; lastKnownFileType = file.storyboard; name = Base; path = Base.lproj/LaunchScreen.storyboard; sourceTree = "<group>"; };
		1B4C55CB1F605278001829F5 /* Info.plist */ = {isa = PBXFileReference; lastKnownFileType = text.plist.xml; path = Info.plist; sourceTree = "<group>"; };
		1B5354611F6EA7DA0019A2A4 /* Smack-Bridging-Header.h */ = {isa = PBXFileReference; lastKnownFileType = sourcecode.c.h; path = "Smack-Bridging-Header.h"; sourceTree = "<group>"; };
		1B5354621F6EA7DB0019A2A4 /* SWRevealViewController.h */ = {isa = PBXFileReference; lastKnownFileType = sourcecode.c.h; path = SWRevealViewController.h; sourceTree = "<group>"; };
		1B5354631F6EA7DB0019A2A4 /* SWRevealViewController.m */ = {isa = PBXFileReference; lastKnownFileType = sourcecode.c.objc; path = SWRevealViewController.m; sourceTree = "<group>"; };
		1B5354671F6EAB250019A2A4 /* ChatVC.swift */ = {isa = PBXFileReference; lastKnownFileType = sourcecode.swift; path = ChatVC.swift; sourceTree = "<group>"; };
		1B5354691F6EAB490019A2A4 /* ChannelVC.swift */ = {isa = PBXFileReference; lastKnownFileType = sourcecode.swift; path = ChannelVC.swift; sourceTree = "<group>"; };
		2719C5D9927F7F8ACCD07319 /* Pods-Smack.debug.xcconfig */ = {isa = PBXFileReference; includeInIndex = 1; lastKnownFileType = text.xcconfig; name = "Pods-Smack.debug.xcconfig"; path = "Pods/Target Support Files/Pods-Smack/Pods-Smack.debug.xcconfig"; sourceTree = "<group>"; };
		2C834F375C6173D608F8C4D7 /* Pods-Smack.release.xcconfig */ = {isa = PBXFileReference; includeInIndex = 1; lastKnownFileType = text.xcconfig; name = "Pods-Smack.release.xcconfig"; path = "Pods/Target Support Files/Pods-Smack/Pods-Smack.release.xcconfig"; sourceTree = "<group>"; };
		D1A2C6F4916CC870D6E5C5E7 /* Pods_Smack.framework */ = {isa = PBXFileReference; explicitFileType = wrapper.framework; includeInIndex = 0; path = Pods_Smack.framework; sourceTree = BUILT_PRODUCTS_DIR; };
/* End PBXFileReference section */

/* Begin PBXFrameworksBuildPhase section */
		1B4C55B91F605278001829F5 /* Frameworks */ = {
			isa = PBXFrameworksBuildPhase;
			buildActionMask = 2147483647;
			files = (
				D3EF669C5C48606933EE337F /* Pods_Smack.framework in Frameworks */,
			);
			runOnlyForDeploymentPostprocessing = 0;
		};
/* End PBXFrameworksBuildPhase section */

/* Begin PBXGroup section */
		1B4C55B31F605278001829F5 = {
			isa = PBXGroup;
			children = (
				1B4C55BE1F605278001829F5 /* Smack */,
				1B4C55BD1F605278001829F5 /* Products */,
				8B757BB1A92183EC02BC2630 /* Pods */,
				E12BD297DA35D66978CC54F8 /* Frameworks */,
			);
			sourceTree = "<group>";
		};
		1B4C55BD1F605278001829F5 /* Products */ = {
			isa = PBXGroup;
			children = (
				1B4C55BC1F605278001829F5 /* Smack.app */,
			);
			name = Products;
			sourceTree = "<group>";
		};
		1B4C55BE1F605278001829F5 /* Smack */ = {
			isa = PBXGroup;
			children = (
				1B5354661F6EAAF70019A2A4 /* Model */,
				1B5354651F6EAAF20019A2A4 /* View */,
				1B5354641F6EAAE60019A2A4 /* Controller */,
				1B5354601F6EA79A0019A2A4 /* Supporting Files */,
				1B4C55BF1F605278001829F5 /* AppDelegate.swift */,
				1B4C55C31F605278001829F5 /* Main.storyboard */,
				1B4C55C61F605278001829F5 /* Assets.xcassets */,
				1B4C55C81F605278001829F5 /* LaunchScreen.storyboard */,
				1B4C55CB1F605278001829F5 /* Info.plist */,
			);
			path = Smack;
			sourceTree = "<group>";
		};
		1B5354601F6EA79A0019A2A4 /* Supporting Files */ = {
			isa = PBXGroup;
			children = (
				1B5354621F6EA7DB0019A2A4 /* SWRevealViewController.h */,
				1B5354631F6EA7DB0019A2A4 /* SWRevealViewController.m */,
				1B5354611F6EA7DA0019A2A4 /* Smack-Bridging-Header.h */,
			);
			path = "Supporting Files";
			sourceTree = "<group>";
		};
		1B5354641F6EAAE60019A2A4 /* Controller */ = {
			isa = PBXGroup;
			children = (
				1B5354671F6EAB250019A2A4 /* ChatVC.swift */,
				1B5354691F6EAB490019A2A4 /* ChannelVC.swift */,
			);
			path = Controller;
			sourceTree = "<group>";
		};
		1B5354651F6EAAF20019A2A4 /* View */ = {
			isa = PBXGroup;
			children = (
				1B0B48D81F701EA500557075 /* GradientView.swift */,
			);
			path = View;
			sourceTree = "<group>";
		};
		1B5354661F6EAAF70019A2A4 /* Model */ = {
			isa = PBXGroup;
			children = (
			);
			path = Model;
			sourceTree = "<group>";
		};
		8B757BB1A92183EC02BC2630 /* Pods */ = {
			isa = PBXGroup;
			children = (
				2719C5D9927F7F8ACCD07319 /* Pods-Smack.debug.xcconfig */,
				2C834F375C6173D608F8C4D7 /* Pods-Smack.release.xcconfig */,
			);
			name = Pods;
			sourceTree = "<group>";
		};
		E12BD297DA35D66978CC54F8 /* Frameworks */ = {
			isa = PBXGroup;
			children = (
				D1A2C6F4916CC870D6E5C5E7 /* Pods_Smack.framework */,
			);
			name = Frameworks;
			sourceTree = "<group>";
		};
/* End PBXGroup section */

/* Begin PBXNativeTarget section */
		1B4C55BB1F605278001829F5 /* Smack */ = {
			isa = PBXNativeTarget;
			buildConfigurationList = 1B4C55CE1F605278001829F5 /* Build configuration list for PBXNativeTarget "Smack" */;
			buildPhases = (
				D340D85CD73F6AFA11668530 /* [CP] Check Pods Manifest.lock */,
				1B4C55B81F605278001829F5 /* Sources */,
				1B4C55B91F605278001829F5 /* Frameworks */,
				1B4C55BA1F605278001829F5 /* Resources */,
				3BD35F474B8207B8D0AB6690 /* [CP] Embed Pods Frameworks */,
				61BA4D6E4DA147257C43340F /* [CP] Copy Pods Resources */,
			);
			buildRules = (
			);
			dependencies = (
			);
			name = Smack;
			productName = Smack;
			productReference = 1B4C55BC1F605278001829F5 /* Smack.app */;
			productType = "com.apple.product-type.application";
		};
/* End PBXNativeTarget section */

/* Begin PBXProject section */
		1B4C55B41F605278001829F5 /* Project object */ = {
			isa = PBXProject;
			attributes = {
				LastSwiftUpdateCheck = 0900;
				LastUpgradeCheck = 0900;
				ORGANIZATIONNAME = "Alexandru Popescu";
				TargetAttributes = {
					1B4C55BB1F605278001829F5 = {
						CreatedOnToolsVersion = 9.0;
						LastSwiftMigration = 0900;
						ProvisioningStyle = Automatic;
					};
				};
			};
			buildConfigurationList = 1B4C55B71F605278001829F5 /* Build configuration list for PBXProject "Smack" */;
			compatibilityVersion = "Xcode 8.0";
			developmentRegion = en;
			hasScannedForEncodings = 0;
			knownRegions = (
				en,
				Base,
			);
			mainGroup = 1B4C55B31F605278001829F5;
			productRefGroup = 1B4C55BD1F605278001829F5 /* Products */;
			projectDirPath = "";
			projectRoot = "";
			targets = (
				1B4C55BB1F605278001829F5 /* Smack */,
			);
		};
/* End PBXProject section */

/* Begin PBXResourcesBuildPhase section */
		1B4C55BA1F605278001829F5 /* Resources */ = {
			isa = PBXResourcesBuildPhase;
			buildActionMask = 2147483647;
			files = (
				1B4C55CA1F605278001829F5 /* LaunchScreen.storyboard in Resources */,
				1B4C55C71F605278001829F5 /* Assets.xcassets in Resources */,
				1B4C55C51F605278001829F5 /* Main.storyboard in Resources */,
			);
			runOnlyForDeploymentPostprocessing = 0;
		};
/* End PBXResourcesBuildPhase section */

/* Begin PBXShellScriptBuildPhase section */
		3BD35F474B8207B8D0AB6690 /* [CP] Embed Pods Frameworks */ = {
			isa = PBXShellScriptBuildPhase;
			buildActionMask = 2147483647;
			files = (
			);
			inputPaths = (
			);
			name = "[CP] Embed Pods Frameworks";
			outputPaths = (
			);
			runOnlyForDeploymentPostprocessing = 0;
			shellPath = /bin/sh;
			shellScript = "\"${SRCROOT}/Pods/Target Support Files/Pods-Smack/Pods-Smack-frameworks.sh\"\n";
			showEnvVarsInLog = 0;
		};
		61BA4D6E4DA147257C43340F /* [CP] Copy Pods Resources */ = {
			isa = PBXShellScriptBuildPhase;
			buildActionMask = 2147483647;
			files = (
			);
			inputPaths = (
			);
			name = "[CP] Copy Pods Resources";
			outputPaths = (
			);
			runOnlyForDeploymentPostprocessing = 0;
			shellPath = /bin/sh;
			shellScript = "\"${SRCROOT}/Pods/Target Support Files/Pods-Smack/Pods-Smack-resources.sh\"\n";
			showEnvVarsInLog = 0;
		};
		D340D85CD73F6AFA11668530 /* [CP] Check Pods Manifest.lock */ = {
			isa = PBXShellScriptBuildPhase;
			buildActionMask = 2147483647;
			files = (
			);
			inputPaths = (
			);
			name = "[CP] Check Pods Manifest.lock";
			outputPaths = (
			);
			runOnlyForDeploymentPostprocessing = 0;
			shellPath = /bin/sh;
			shellScript = "diff \"${PODS_ROOT}/../Podfile.lock\" \"${PODS_ROOT}/Manifest.lock\" > /dev/null\nif [ $? != 0 ] ; then\n    # print error to STDERR\n    echo \"error: The sandbox is not in sync with the Podfile.lock. Run 'pod install' or update your CocoaPods installation.\" >&2\n    exit 1\nfi\n";
			showEnvVarsInLog = 0;
		};
/* End PBXShellScriptBuildPhase section */

/* Begin PBXSourcesBuildPhase section */
		1B4C55B81F605278001829F5 /* Sources */ = {
			isa = PBXSourcesBuildPhase;
			buildActionMask = 2147483647;
			files = (
				1B53546C1F6EB7D00019A2A4 /* SWRevealViewController.m in Sources */,
				1B5354681F6EAB250019A2A4 /* ChatVC.swift in Sources */,
				1B0B48D91F701EA500557075 /* GradientView.swift in Sources */,
				1B53546A1F6EAB490019A2A4 /* ChannelVC.swift in Sources */,
				1B4C55C01F605278001829F5 /* AppDelegate.swift in Sources */,
			);
			runOnlyForDeploymentPostprocessing = 0;
		};
/* End PBXSourcesBuildPhase section */

/* Begin PBXVariantGroup section */
		1B4C55C31F605278001829F5 /* Main.storyboard */ = {
			isa = PBXVariantGroup;
			children = (
				1B4C55C41F605278001829F5 /* Base */,
			);
			name = Main.storyboard;
			sourceTree = "<group>";
		};
		1B4C55C81F605278001829F5 /* LaunchScreen.storyboard */ = {
			isa = PBXVariantGroup;
			children = (
				1B4C55C91F605278001829F5 /* Base */,
			);
			name = LaunchScreen.storyboard;
			sourceTree = "<group>";
		};
/* End PBXVariantGroup section */

/* Begin XCBuildConfiguration section */
		1B4C55CC1F605278001829F5 /* Debug */ = {
			isa = XCBuildConfiguration;
			buildSettings = {
				ALWAYS_SEARCH_USER_PATHS = NO;
				CLANG_ANALYZER_NONNULL = YES;
				CLANG_ANALYZER_NUMBER_OBJECT_CONVERSION = YES_AGGRESSIVE;
				CLANG_CXX_LANGUAGE_STANDARD = "gnu++14";
				CLANG_CXX_LIBRARY = "libc++";
				CLANG_ENABLE_MODULES = YES;
				CLANG_ENABLE_OBJC_ARC = YES;
				CLANG_WARN_BLOCK_CAPTURE_AUTORELEASING = YES;
				CLANG_WARN_BOOL_CONVERSION = YES;
				CLANG_WARN_COMMA = YES;
				CLANG_WARN_CONSTANT_CONVERSION = YES;
				CLANG_WARN_DIRECT_OBJC_ISA_USAGE = YES_ERROR;
				CLANG_WARN_DOCUMENTATION_COMMENTS = YES;
				CLANG_WARN_EMPTY_BODY = YES;
				CLANG_WARN_ENUM_CONVERSION = YES;
				CLANG_WARN_INFINITE_RECURSION = YES;
				CLANG_WARN_INT_CONVERSION = YES;
				CLANG_WARN_NON_LITERAL_NULL_CONVERSION = YES;
				CLANG_WARN_OBJC_LITERAL_CONVERSION = YES;
				CLANG_WARN_OBJC_ROOT_CLASS = YES_ERROR;
				CLANG_WARN_RANGE_LOOP_ANALYSIS = YES;
				CLANG_WARN_STRICT_PROTOTYPES = YES;
				CLANG_WARN_SUSPICIOUS_MOVE = YES;
				CLANG_WARN_UNGUARDED_AVAILABILITY = YES_AGGRESSIVE;
				CLANG_WARN_UNREACHABLE_CODE = YES;
				CLANG_WARN__DUPLICATE_METHOD_MATCH = YES;
				CODE_SIGN_IDENTITY = "iPhone Developer";
				COPY_PHASE_STRIP = NO;
				DEBUG_INFORMATION_FORMAT = dwarf;
				ENABLE_STRICT_OBJC_MSGSEND = YES;
				ENABLE_TESTABILITY = YES;
				GCC_C_LANGUAGE_STANDARD = gnu11;
				GCC_DYNAMIC_NO_PIC = NO;
				GCC_NO_COMMON_BLOCKS = YES;
				GCC_OPTIMIZATION_LEVEL = 0;
				GCC_PREPROCESSOR_DEFINITIONS = (
					"DEBUG=1",
					"$(inherited)",
				);
				GCC_WARN_64_TO_32_BIT_CONVERSION = YES;
				GCC_WARN_ABOUT_RETURN_TYPE = YES_ERROR;
				GCC_WARN_UNDECLARED_SELECTOR = YES;
				GCC_WARN_UNINITIALIZED_AUTOS = YES_AGGRESSIVE;
				GCC_WARN_UNUSED_FUNCTION = YES;
				GCC_WARN_UNUSED_VARIABLE = YES;
				IPHONEOS_DEPLOYMENT_TARGET = 11.0;
				MTL_ENABLE_DEBUG_INFO = YES;
				ONLY_ACTIVE_ARCH = YES;
				SDKROOT = iphoneos;
				SWIFT_ACTIVE_COMPILATION_CONDITIONS = DEBUG;
				SWIFT_OPTIMIZATION_LEVEL = "-Onone";
			};
			name = Debug;
		};
		1B4C55CD1F605278001829F5 /* Release */ = {
			isa = XCBuildConfiguration;
			buildSettings = {
				ALWAYS_SEARCH_USER_PATHS = NO;
				CLANG_ANALYZER_NONNULL = YES;
				CLANG_ANALYZER_NUMBER_OBJECT_CONVERSION = YES_AGGRESSIVE;
				CLANG_CXX_LANGUAGE_STANDARD = "gnu++14";
				CLANG_CXX_LIBRARY = "libc++";
				CLANG_ENABLE_MODULES = YES;
				CLANG_ENABLE_OBJC_ARC = YES;
				CLANG_WARN_BLOCK_CAPTURE_AUTORELEASING = YES;
				CLANG_WARN_BOOL_CONVERSION = YES;
				CLANG_WARN_COMMA = YES;
				CLANG_WARN_CONSTANT_CONVERSION = YES;
				CLANG_WARN_DIRECT_OBJC_ISA_USAGE = YES_ERROR;
				CLANG_WARN_DOCUMENTATION_COMMENTS = YES;
				CLANG_WARN_EMPTY_BODY = YES;
				CLANG_WARN_ENUM_CONVERSION = YES;
				CLANG_WARN_INFINITE_RECURSION = YES;
				CLANG_WARN_INT_CONVERSION = YES;
				CLANG_WARN_NON_LITERAL_NULL_CONVERSION = YES;
				CLANG_WARN_OBJC_LITERAL_CONVERSION = YES;
				CLANG_WARN_OBJC_ROOT_CLASS = YES_ERROR;
				CLANG_WARN_RANGE_LOOP_ANALYSIS = YES;
				CLANG_WARN_STRICT_PROTOTYPES = YES;
				CLANG_WARN_SUSPICIOUS_MOVE = YES;
				CLANG_WARN_UNGUARDED_AVAILABILITY = YES_AGGRESSIVE;
				CLANG_WARN_UNREACHABLE_CODE = YES;
				CLANG_WARN__DUPLICATE_METHOD_MATCH = YES;
				CODE_SIGN_IDENTITY = "iPhone Developer";
				COPY_PHASE_STRIP = NO;
				DEBUG_INFORMATION_FORMAT = "dwarf-with-dsym";
				ENABLE_NS_ASSERTIONS = NO;
				ENABLE_STRICT_OBJC_MSGSEND = YES;
				GCC_C_LANGUAGE_STANDARD = gnu11;
				GCC_NO_COMMON_BLOCKS = YES;
				GCC_WARN_64_TO_32_BIT_CONVERSION = YES;
				GCC_WARN_ABOUT_RETURN_TYPE = YES_ERROR;
				GCC_WARN_UNDECLARED_SELECTOR = YES;
				GCC_WARN_UNINITIALIZED_AUTOS = YES_AGGRESSIVE;
				GCC_WARN_UNUSED_FUNCTION = YES;
				GCC_WARN_UNUSED_VARIABLE = YES;
				IPHONEOS_DEPLOYMENT_TARGET = 11.0;
				MTL_ENABLE_DEBUG_INFO = NO;
				SDKROOT = iphoneos;
				SWIFT_OPTIMIZATION_LEVEL = "-Owholemodule";
				VALIDATE_PRODUCT = YES;
			};
			name = Release;
		};
		1B4C55CF1F605278001829F5 /* Debug */ = {
			isa = XCBuildConfiguration;
			baseConfigurationReference = 2719C5D9927F7F8ACCD07319 /* Pods-Smack.debug.xcconfig */;
			buildSettings = {
				ASSETCATALOG_COMPILER_APPICON_NAME = AppIcon;
				CLANG_ENABLE_MODULES = YES;
				CODE_SIGN_STYLE = Automatic;
				DEVELOPMENT_TEAM = LE3YZM695R;
				INFOPLIST_FILE = Smack/Info.plist;
				LD_RUNPATH_SEARCH_PATHS = "$(inherited) @executable_path/Frameworks";
				PRODUCT_BUNDLE_IDENTIFIER = ro.mediafax.Smack;
				PRODUCT_NAME = "$(TARGET_NAME)";
				SWIFT_OBJC_BRIDGING_HEADER = "Smack/Supporting Files/Smack-Bridging-Header.h";
				SWIFT_OPTIMIZATION_LEVEL = "-Onone";
				SWIFT_VERSION = 4.0;
				TARGETED_DEVICE_FAMILY = "1,2";
			};
			name = Debug;
		};
		1B4C55D01F605278001829F5 /* Release */ = {
			isa = XCBuildConfiguration;
			baseConfigurationReference = 2C834F375C6173D608F8C4D7 /* Pods-Smack.release.xcconfig */;
			buildSettings = {
				ASSETCATALOG_COMPILER_APPICON_NAME = AppIcon;
				CLANG_ENABLE_MODULES = YES;
				CODE_SIGN_STYLE = Automatic;
				DEVELOPMENT_TEAM = LE3YZM695R;
				INFOPLIST_FILE = Smack/Info.plist;
				LD_RUNPATH_SEARCH_PATHS = "$(inherited) @executable_path/Frameworks";
				PRODUCT_BUNDLE_IDENTIFIER = ro.mediafax.Smack;
				PRODUCT_NAME = "$(TARGET_NAME)";
				SWIFT_OBJC_BRIDGING_HEADER = "Smack/Supporting Files/Smack-Bridging-Header.h";
				SWIFT_VERSION = 4.0;
				TARGETED_DEVICE_FAMILY = "1,2";
			};
			name = Release;
		};
/* End XCBuildConfiguration section */

/* Begin XCConfigurationList section */
		1B4C55B71F605278001829F5 /* Build configuration list for PBXProject "Smack" */ = {
			isa = XCConfigurationList;
			buildConfigurations = (
				1B4C55CC1F605278001829F5 /* Debug */,
				1B4C55CD1F605278001829F5 /* Release */,
			);
			defaultConfigurationIsVisible = 0;
			defaultConfigurationName = Release;
		};
		1B4C55CE1F605278001829F5 /* Build configuration list for PBXNativeTarget "Smack" */ = {
			isa = XCConfigurationList;
			buildConfigurations = (
				1B4C55CF1F605278001829F5 /* Debug */,
				1B4C55D01F605278001829F5 /* Release */,
			);
			defaultConfigurationIsVisible = 0;
			defaultConfigurationName = Release;
		};
/* End XCConfigurationList section */
	};
	rootObject = 1B4C55B41F605278001829F5 /* Project object */;
}
